
Microsoft Visual Studio Solution File, Format Version 12.00
# Visual Studio 15
VisualStudioVersion = 15.0.27130.2024
MinimumVisualStudioVersion = 10.0.40219.1
Project("{FAE04EC0-301F-11D3-BF4B-00C04F79EFBC}") = "mydesire", "mydesire\mydesire.csproj", "{DB00EBAC-4322-4C7A-85B0-5F7CCD491AE1}"
EndProject
Global
	GlobalSection(SolutionConfigurationPlatforms) = preSolution
		Debug|Any CPU = Debug|Any CPU
		Release|Any CPU = Release|Any CPU
	EndGlobalSection
	GlobalSection(ProjectConfigurationPlatforms) = postSolution
		{DB00EBAC-4322-4C7A-85B0-5F7CCD491AE1}.Debug|Any CPU.ActiveCfg = Debug|Any CPU
		{DB00EBAC-4322-4C7A-85B0-5F7CCD491AE1}.Debug|Any CPU.Build.0 = Debug|Any CPU
		{DB00EBAC-4322-4C7A-85B0-5F7CCD491AE1}.Release|Any CPU.ActiveCfg = Release|Any CPU
		{DB00EBAC-4322-4C7A-85B0-5F7CCD491AE1}.Release|Any CPU.Build.0 = Release|Any CPU
	EndGlobalSection
	GlobalSection(SolutionProperties) = preSolution
		HideSolutionNode = FALSE
	EndGlobalSection
	GlobalSection(ExtensibilityGlobals) = postSolution
		SolutionGuid = {F0491FE2-007E-4DF8-88EB-48A08297975C}
	EndGlobalSection
EndGlobal
