
Microsoft Visual Studio Solution File, Format Version 12.00
# Visual Studio 15
VisualStudioVersion = 15.0.26730.15
MinimumVisualStudioVersion = 10.0.40219.1
Project("{FAE04EC0-301F-11D3-BF4B-00C04F79EFBC}") = "mydesire", "mydesire\mydesire.csproj", "{CEAFD291-F113-44FD-A194-84174B34D7AF}"
EndProject
Global
	GlobalSection(SolutionConfigurationPlatforms) = preSolution
		Debug|Any CPU = Debug|Any CPU
		Release|Any CPU = Release|Any CPU
	EndGlobalSection
	GlobalSection(ProjectConfigurationPlatforms) = postSolution
		{CEAFD291-F113-44FD-A194-84174B34D7AF}.Debug|Any CPU.ActiveCfg = Debug|Any CPU
		{CEAFD291-F113-44FD-A194-84174B34D7AF}.Debug|Any CPU.Build.0 = Debug|Any CPU
		{CEAFD291-F113-44FD-A194-84174B34D7AF}.Release|Any CPU.ActiveCfg = Release|Any CPU
		{CEAFD291-F113-44FD-A194-84174B34D7AF}.Release|Any CPU.Build.0 = Release|Any CPU
	EndGlobalSection
	GlobalSection(SolutionProperties) = preSolution
		HideSolutionNode = FALSE
	EndGlobalSection
	GlobalSection(ExtensibilityGlobals) = postSolution
		SolutionGuid = {97356CC0-1877-47E0-934E-373F3E03A970}
	EndGlobalSection
EndGlobal
